<?xml version="1.0" encoding="utf-8"?>
<Project ToolsVersion="4.0" xmlns="http://schemas.microsoft.com/developer/msbuild/2003">
  <ItemGroup>
    <Filter Include="Resource Files">
      <UniqueIdentifier>{67DA6AB6-F800-4c08-8B7A-83BB121AAD01}</UniqueIdentifier>
      <Extensions>rc;ico;cur;bmp;dlg;rc2;rct;bin;rgs;gif;jpg;jpeg;jpe;resx;tiff;tif;png;wav;mfcribbon-ms</Extensions>
    </Filter>
    <Filter Include=".build">
      <UniqueIdentifier>{03679fee-0dad-4bf9-b17a-015ca495ea11}</UniqueIdentifier>
    </Filter>
    <Filter Include="Internal Header Files">
      <UniqueIdentifier>{aff1cfc5-5b7f-4af2-825b-1df9af65d3d0}</UniqueIdentifier>
    </Filter>
    <Filter Include="Export Header Files">
      <UniqueIdentifier>{93995380-89BD-4b04-88EB-625FBE52EBFB}</UniqueIdentifier>
      <Extensions>h;hh;hpp;hxx;hm;inl;inc;ipp;xsd</Extensions>
    </Filter>
    <Filter Include="Source Files">
      <UniqueIdentifier>{fd0071e5-694f-410c-834b-ad6730bcc6c1}</UniqueIdentifier>
    </Filter>
    <Filter Include="Export Header Files\util">
      <UniqueIdentifier>{2cc370f9-ebd4-4c29-b9e4-185c99c628b5}</UniqueIdentifier>
    </Filter>
    <Filter Include="Export Header Files\sys">
      <UniqueIdentifier>{e27b3e94-8af0-4191-8995-ebc8854b9801}</UniqueIdentifier>
    </Filter>
    <Filter Include="Export Header Files\net">
      <UniqueIdentifier>{cf6baf98-782d-4acf-ab5b-cf261eea335f}</UniqueIdentifier>
    </Filter>
    <Filter Include="Export Header Files\type">
      <UniqueIdentifier>{5bc162a2-2dc6-4f07-8574-de9a509e5c4e}</UniqueIdentifier>
    </Filter>
    <Filter Include="Source Files\net">
      <UniqueIdentifier>{16116b8a-0279-492e-a8dd-2603e926e3ba}</UniqueIdentifier>
    </Filter>
    <Filter Include="Source Files\net\inet-utils">
      <UniqueIdentifier>{1728e47d-59ea-4d27-a65d-9115562a120d}</UniqueIdentifier>
    </Filter>
    <Filter Include="Source Files\sys">
      <UniqueIdentifier>{1c12f90a-0269-4f33-a4e1-7ecfa4d87bf3}</UniqueIdentifier>
    </Filter>
    <Filter Include="Source Files\util">
      <UniqueIdentifier>{da2fb928-0b26-417b-8cc7-cef7ebad67e6}</UniqueIdentifier>
    </Filter>
    <Filter Include="Source Files\type">
      <UniqueIdentifier>{6c174586-4e95-4633-8796-fec6c7e3d912}</UniqueIdentifier>
    </Filter>
  </ItemGroup>
  <ItemGroup>
    <ClCompile Include="framework\win32\typecon.c">
      <Filter>Source Files\net\inet-utils</Filter>
    </ClCompile>
    <ClCompile Include="framework\universal\string.c">
      <Filter>Source Files\type</Filter>
    </ClCompile>
    <ClCompile Include="framework\win32\socket.c">
      <Filter>Source Files\net</Filter>
    </ClCompile>
    <ClCompile Include="framework\win32\sockets.c">
      <Filter>Source Files\net</Filter>
    </ClCompile>
    <ClCompile Include="framework\win32\platform.c">
      <Filter>Source Files\sys</Filter>
    </ClCompile>
    <ClCompile Include="framework\win32\security.c">
      <Filter>Source Files\sys</Filter>
    </ClCompile>
    <ClCompile Include="framework\universal\error.c">
      <Filter>Source Files\util</Filter>
    </ClCompile>
    <ClCompile Include="framework\universal\memory.c">
      <Filter>Source Files\util</Filter>
    </ClCompile>
    <ClCompile Include="framework\win32\files_nt.c">
      <Filter>Source Files\sys</Filter>
    </ClCompile>
    <ClCompile Include="framework\win32\console.c">
      <Filter>Source Files\sys</Filter>
    </ClCompile>
    <ClCompile Include="framework\win32\concurrency.c">
      <Filter>Source Files\sys</Filter>
    </ClCompile>
    <ClCompile Include="framework\universal\inetcon.c">
      <Filter>Source Files\net\inet-utils</Filter>
    </ClCompile>
    <ClCompile Include="framework\universal\ipgen.c">
      <Filter>Source Files\net\inet-utils</Filter>
    </ClCompile>
    <ClCompile Include="framework\universal\wstring.c">
      <Filter>Source Files\type</Filter>
    </ClCompile>
    <ClCompile Include="framework\win32\thread.c">
      <Filter>Source Files\sys</Filter>
    </ClCompile>
    <ClCompile Include="framework\win32\process_nt.c">
      <Filter>Source Files\sys</Filter>
    </ClCompile>
    <ClCompile Include="framework\win32\mutex.c">
      <Filter>Source Files\sys</Filter>
    </ClCompile>
    <ClCompile Include="framework\universal\paths.c">
      <Filter>Source Files\sys</Filter>
    </ClCompile>
    <ClCompile Include="framework\universal\char.c">
      <Filter>Source Files\type</Filter>
    </ClCompile>
    <ClCompile Include="framework\universal\wchar.c">
      <Filter>Source Files\type</Filter>
    </ClCompile>
    <ClCompile Include="framework\universal\processthreadsx.c">
      <Filter>Source Files\sys</Filter>
    </ClCompile>
    <ClCompile Include="framework\win32\event.c">
      <Filter>Source Files\sys</Filter>
    </ClCompile>
    <ClCompile Include="framework\win32\entity.c">
      <Filter>Source Files\net</Filter>
    </ClCompile>
    <ClCompile Include="framework\universal\ipget.c">
      <Filter>Source Files\net\inet-utils</Filter>
    </ClCompile>
    <ClCompile Include="framework\universal\inetcmp.c">
      <Filter>Source Files\net\inet-utils</Filter>
    </ClCompile>
    <ClCompile Include="framework\win32\dirs_nt.c">
      <Filter>Source Files\sys</Filter>
    </ClCompile>
    <ClCompile Include="framework\universal\dirsx.c">
      <Filter>Source Files\sys</Filter>
    </ClCompile>
    <ClCompile Include="framework\universal\filesx.c">
      <Filter>Source Files\sys</Filter>
    </ClCompile>
    <ClCompile Include="framework\universal\processx.c">
      <Filter>Source Files\sys</Filter>
    </ClCompile>
    <ClCompile Include="framework\universal\numconvert.c">
      <Filter>Source Files\util</Filter>
    </ClCompile>
  </ItemGroup>
  <ItemGroup>
    <ClInclude Include="include\fireworks.h">
      <Filter>Export Header Files</Filter>
    </ClInclude>
    <ClInclude Include="include\fwbase.h">
      <Filter>Export Header Files</Filter>
    </ClInclude>
    <ClInclude Include="include\fireworks\util\charset.h">
      <Filter>Export Header Files\util</Filter>
    </ClInclude>
    <ClInclude Include="include\fireworks\sys\io.h">
      <Filter>Export Header Files\sys</Filter>
    </ClInclude>
    <ClInclude Include="include\fireworks\sys\console.h">
      <Filter>Export Header Files\sys</Filter>
    </ClInclude>
    <ClInclude Include="include\fireworks\util\memory.h">
      <Filter>Export Header Files\util</Filter>
    </ClInclude>
    <ClInclude Include="include\fireworks\net\socket.h">
      <Filter>Export Header Files\net</Filter>
    </ClInclude>
    <ClInclude Include="include\fireworks\type\bool.h">
      <Filter>Export Header Files\type</Filter>
    </ClInclude>
    <ClInclude Include="include\fireworks\type\byte.h">
      <Filter>Export Header Files\type</Filter>
    </ClInclude>
    <ClInclude Include="include\fireworks\type\bytearray.h">
      <Filter>Export Header Files\type</Filter>
    </ClInclude>
    <ClInclude Include="include\fireworks\type\char.h">
      <Filter>Export Header Files\type</Filter>
    </ClInclude>
    <ClInclude Include="include\fireworks\type\double.h">
      <Filter>Export Header Files\type</Filter>
    </ClInclude>
    <ClInclude Include="include\fireworks\type\float.h">
      <Filter>Export Header Files\type</Filter>
    </ClInclude>
    <ClInclude Include="include\fireworks\type\int.h">
      <Filter>Export Header Files\type</Filter>
    </ClInclude>
    <ClInclude Include="include\fireworks\type\long.h">
      <Filter>Export Header Files\type</Filter>
    </ClInclude>
    <ClInclude Include="include\fireworks\type\short.h">
      <Filter>Export Header Files\type</Filter>
    </ClInclude>
    <ClInclude Include="include\fireworks\type\string.h">
      <Filter>Export Header Files\type</Filter>
    </ClInclude>
    <ClInclude Include="include\fireworks\util\error.h">
      <Filter>Export Header Files\util</Filter>
    </ClInclude>
    <ClInclude Include="include\fireworks\type\primitives.h">
      <Filter>Export Header Files\type</Filter>
    </ClInclude>
    <ClInclude Include="include\fireworks\sys\platform.h">
      <Filter>Export Header Files\sys</Filter>
    </ClInclude>
    <ClInclude Include="include\fireworks\sys\files.h">
      <Filter>Export Header Files\sys</Filter>
    </ClInclude>
    <ClInclude Include="include\fwdef.h">
      <Filter>Export Header Files</Filter>
    </ClInclude>
    <ClInclude Include="include\fireworks\sys\concurrency.h">
      <Filter>Export Header Files\sys</Filter>
    </ClInclude>
    <ClInclude Include="include\fireworks\sys\security.h">
      <Filter>Export Header Files\sys</Filter>
    </ClInclude>
    <ClInclude Include="include\fireworks\net\sockets.h">
      <Filter>Export Header Files\net</Filter>
    </ClInclude>
    <ClInclude Include="include\fireworks\net\inet.h">
      <Filter>Export Header Files\net</Filter>
    </ClInclude>
    <ClInclude Include="include\fireworks\net\entity.h">
      <Filter>Export Header Files\net</Filter>
    </ClInclude>
    <ClInclude Include="include\fireworks\net\inet-utils.h">
      <Filter>Export Header Files\net</Filter>
    </ClInclude>
    <ClInclude Include="include\fireworks\net\inet-types.h">
      <Filter>Export Header Files\net</Filter>
    </ClInclude>
    <ClInclude Include="include\fireworks\util\strings.h">
      <Filter>Export Header Files\util</Filter>
    </ClInclude>
    <ClInclude Include="include\fireworks\sys\thread.h">
      <Filter>Export Header Files\sys</Filter>
    </ClInclude>
    <ClInclude Include="include\fireworks\sys\process.h">
      <Filter>Export Header Files\sys</Filter>
    </ClInclude>
    <ClInclude Include="include\fireworks\sys\mutex.h">
      <Filter>Export Header Files\sys</Filter>
    </ClInclude>
    <ClInclude Include="include\fireworks\sys\paths.h">
      <Filter>Export Header Files\sys</Filter>
    </ClInclude>
    <ClInclude Include="include\fireworks\type\wstring.h">
      <Filter>Export Header Files\type</Filter>
    </ClInclude>
    <ClInclude Include="include\fireworks\type\wchar.h">
      <Filter>Export Header Files\type</Filter>
    </ClInclude>
    <ClInclude Include="include\fireworks\type\tchar.h">
      <Filter>Export Header Files\type</Filter>
    </ClInclude>
    <ClInclude Include="include\fireworks\type\tstring.h">
      <Filter>Export Header Files\type</Filter>
    </ClInclude>
    <ClInclude Include="framework\config.h">
      <Filter>.build</Filter>
    </ClInclude>
    <ClInclude Include="include\fireworks\sys\event.h">
      <Filter>Export Header Files\sys</Filter>
    </ClInclude>
    <ClInclude Include="include\fireworks\sys\dirs.h">
      <Filter>Export Header Files\sys</Filter>
    </ClInclude>
    <ClInclude Include="include\fireworks\sys\time.h">
      <Filter>Export Header Files\sys</Filter>
    </ClInclude>
    <ClInclude Include="include\fireworks\util\numconvert.h">
      <Filter>Export Header Files\util</Filter>
    </ClInclude>
  </ItemGroup>
</Project>