<?xml version="1.0" encoding="utf-8"?>
<Project ToolsVersion="4.0" xmlns="http://schemas.microsoft.com/developer/msbuild/2003">
  <ItemGroup>
    <Filter Include="Resource Files">
      <UniqueIdentifier>{67DA6AB6-F800-4c08-8B7A-83BB121AAD01}</UniqueIdentifier>
      <Extensions>rc;ico;cur;bmp;dlg;rc2;rct;bin;rgs;gif;jpg;jpeg;jpe;resx;tiff;tif;png;wav;mfcribbon-ms</Extensions>
    </Filter>
    <Filter Include=".build">
      <UniqueIdentifier>{03679fee-0dad-4bf9-b17a-015ca495ea11}</UniqueIdentifier>
    </Filter>
    <Filter Include="Internal Header Files">
      <UniqueIdentifier>{aff1cfc5-5b7f-4af2-825b-1df9af65d3d0}</UniqueIdentifier>
    </Filter>
    <Filter Include="Export Header Files">
      <UniqueIdentifier>{93995380-89BD-4b04-88EB-625FBE52EBFB}</UniqueIdentifier>
      <Extensions>h;hh;hpp;hxx;hm;inl;inc;ipp;xsd</Extensions>
    </Filter>
    <Filter Include="Source Files">
      <UniqueIdentifier>{fd0071e5-694f-410c-834b-ad6730bcc6c1}</UniqueIdentifier>
    </Filter>
    <Filter Include="Export Header Files\net">
      <UniqueIdentifier>{97413eaa-0a96-4712-a6ea-bcef5fa6db9a}</UniqueIdentifier>
    </Filter>
    <Filter Include="Export Header Files\sys">
      <UniqueIdentifier>{a59d377b-2a5c-47db-83fc-c9f04e132cec}</UniqueIdentifier>
    </Filter>
    <Filter Include="Export Header Files\type">
      <UniqueIdentifier>{dc3ba219-53c0-4ce9-aa14-f99a311b2861}</UniqueIdentifier>
    </Filter>
    <Filter Include="Export Header Files\util">
      <UniqueIdentifier>{24690cff-285f-4106-8221-a7b45bd91341}</UniqueIdentifier>
    </Filter>
    <Filter Include="Source Files\net">
      <UniqueIdentifier>{3159337e-a5e3-45d0-b023-f11f5a6f6c4c}</UniqueIdentifier>
    </Filter>
    <Filter Include="Source Files\net\inet-utils">
      <UniqueIdentifier>{f4a898dc-d15f-4a19-95b0-8351ab2796c8}</UniqueIdentifier>
    </Filter>
    <Filter Include="Source Files\util">
      <UniqueIdentifier>{2d76d3f8-a00e-4edb-a872-e9ef5c552743}</UniqueIdentifier>
    </Filter>
    <Filter Include="Source Files\type">
      <UniqueIdentifier>{ba332069-93d8-4daa-b2fe-1ad693d59496}</UniqueIdentifier>
    </Filter>
    <Filter Include="Source Files\sys">
      <UniqueIdentifier>{9cc24106-8460-4a33-bc32-852e5670836f}</UniqueIdentifier>
    </Filter>
  </ItemGroup>
  <ItemGroup>
    <ClInclude Include="include\carbon.h">
      <Filter>Export Header Files</Filter>
    </ClInclude>
    <ClInclude Include="include\fwbase.h">
      <Filter>Export Header Files</Filter>
    </ClInclude>
    <ClInclude Include="include\fwdef.h">
      <Filter>Export Header Files</Filter>
    </ClInclude>
    <ClInclude Include="framework\config.h">
      <Filter>.build</Filter>
    </ClInclude>
    <ClInclude Include="include\carbon\net\entity.h">
      <Filter>Export Header Files\net</Filter>
    </ClInclude>
    <ClInclude Include="include\carbon\net\inet.h">
      <Filter>Export Header Files\net</Filter>
    </ClInclude>
    <ClInclude Include="include\carbon\net\inet-types.h">
      <Filter>Export Header Files\net</Filter>
    </ClInclude>
    <ClInclude Include="include\carbon\net\inet-utils.h">
      <Filter>Export Header Files\net</Filter>
    </ClInclude>
    <ClInclude Include="include\carbon\net\socket.h">
      <Filter>Export Header Files\net</Filter>
    </ClInclude>
    <ClInclude Include="include\carbon\net\sockets.h">
      <Filter>Export Header Files\net</Filter>
    </ClInclude>
    <ClInclude Include="include\carbon\util\charset.h">
      <Filter>Export Header Files\util</Filter>
    </ClInclude>
    <ClInclude Include="include\carbon\util\memory.h">
      <Filter>Export Header Files\util</Filter>
    </ClInclude>
    <ClInclude Include="include\carbon\util\numconvert.h">
      <Filter>Export Header Files\util</Filter>
    </ClInclude>
    <ClInclude Include="include\carbon\util\strings.h">
      <Filter>Export Header Files\util</Filter>
    </ClInclude>
    <ClInclude Include="include\carbon\type\bool.h">
      <Filter>Export Header Files\type</Filter>
    </ClInclude>
    <ClInclude Include="include\carbon\type\byte.h">
      <Filter>Export Header Files\type</Filter>
    </ClInclude>
    <ClInclude Include="include\carbon\type\bytearray.h">
      <Filter>Export Header Files\type</Filter>
    </ClInclude>
    <ClInclude Include="include\carbon\type\char.h">
      <Filter>Export Header Files\type</Filter>
    </ClInclude>
    <ClInclude Include="include\carbon\type\double.h">
      <Filter>Export Header Files\type</Filter>
    </ClInclude>
    <ClInclude Include="include\carbon\type\float.h">
      <Filter>Export Header Files\type</Filter>
    </ClInclude>
    <ClInclude Include="include\carbon\type\int.h">
      <Filter>Export Header Files\type</Filter>
    </ClInclude>
    <ClInclude Include="include\carbon\type\long.h">
      <Filter>Export Header Files\type</Filter>
    </ClInclude>
    <ClInclude Include="include\carbon\type\primitives.h">
      <Filter>Export Header Files\type</Filter>
    </ClInclude>
    <ClInclude Include="include\carbon\type\short.h">
      <Filter>Export Header Files\type</Filter>
    </ClInclude>
    <ClInclude Include="include\carbon\type\string.h">
      <Filter>Export Header Files\type</Filter>
    </ClInclude>
    <ClInclude Include="include\carbon\type\tchar.h">
      <Filter>Export Header Files\type</Filter>
    </ClInclude>
    <ClInclude Include="include\carbon\type\tstring.h">
      <Filter>Export Header Files\type</Filter>
    </ClInclude>
    <ClInclude Include="include\carbon\type\wchar.h">
      <Filter>Export Header Files\type</Filter>
    </ClInclude>
    <ClInclude Include="include\carbon\type\wstring.h">
      <Filter>Export Header Files\type</Filter>
    </ClInclude>
    <ClInclude Include="include\carbon\sys\concurrency.h">
      <Filter>Export Header Files\sys</Filter>
    </ClInclude>
    <ClInclude Include="include\carbon\sys\console.h">
      <Filter>Export Header Files\sys</Filter>
    </ClInclude>
    <ClInclude Include="include\carbon\sys\dirs.h">
      <Filter>Export Header Files\sys</Filter>
    </ClInclude>
    <ClInclude Include="include\carbon\sys\event.h">
      <Filter>Export Header Files\sys</Filter>
    </ClInclude>
    <ClInclude Include="include\carbon\sys\files.h">
      <Filter>Export Header Files\sys</Filter>
    </ClInclude>
    <ClInclude Include="include\carbon\sys\io.h">
      <Filter>Export Header Files\sys</Filter>
    </ClInclude>
    <ClInclude Include="include\carbon\sys\mutex.h">
      <Filter>Export Header Files\sys</Filter>
    </ClInclude>
    <ClInclude Include="include\carbon\sys\paths.h">
      <Filter>Export Header Files\sys</Filter>
    </ClInclude>
    <ClInclude Include="include\carbon\sys\platform.h">
      <Filter>Export Header Files\sys</Filter>
    </ClInclude>
    <ClInclude Include="include\carbon\sys\process.h">
      <Filter>Export Header Files\sys</Filter>
    </ClInclude>
    <ClInclude Include="include\carbon\sys\security.h">
      <Filter>Export Header Files\sys</Filter>
    </ClInclude>
    <ClInclude Include="include\carbon\sys\thread.h">
      <Filter>Export Header Files\sys</Filter>
    </ClInclude>
    <ClInclude Include="include\carbon\sys\time.h">
      <Filter>Export Header Files\sys</Filter>
    </ClInclude>
    <ClInclude Include="include\carbon\error.h">
      <Filter>Export Header Files</Filter>
    </ClInclude>
  </ItemGroup>
  <ItemGroup>
    <ClCompile Include="framework\universal\cbc_error.c">
      <Filter>Source Files</Filter>
    </ClCompile>
    <ClCompile Include="framework\universal\cbc_char.c">
      <Filter>Source Files\type</Filter>
    </ClCompile>
    <ClCompile Include="framework\win32\cbc_entity.c">
      <Filter>Source Files\net</Filter>
    </ClCompile>
    <ClCompile Include="framework\win32\cbc_concurrency.c">
      <Filter>Source Files\sys</Filter>
    </ClCompile>
    <ClCompile Include="framework\win32\cbc_console.c">
      <Filter>Source Files\sys</Filter>
    </ClCompile>
    <ClCompile Include="framework\win32\cbc_dirs_nt.c">
      <Filter>Source Files\sys</Filter>
    </ClCompile>
    <ClCompile Include="framework\universal\cbc_dirsx.c">
      <Filter>Source Files\sys</Filter>
    </ClCompile>
    <ClCompile Include="framework\win32\cbc_event.c">
      <Filter>Source Files\sys</Filter>
    </ClCompile>
    <ClCompile Include="framework\win32\cbc_files_nt.c">
      <Filter>Source Files\sys</Filter>
    </ClCompile>
    <ClCompile Include="framework\universal\cbc_filesx.c">
      <Filter>Source Files\sys</Filter>
    </ClCompile>
    <ClCompile Include="framework\universal\cbc_inetcon.c">
      <Filter>Source Files\net\inet-utils</Filter>
    </ClCompile>
    <ClCompile Include="framework\universal\cbc_inetcmp.c">
      <Filter>Source Files\net\inet-utils</Filter>
    </ClCompile>
    <ClCompile Include="framework\universal\cbc_ipgen.c">
      <Filter>Source Files\net\inet-utils</Filter>
    </ClCompile>
    <ClCompile Include="framework\universal\cbc_memory.c">
      <Filter>Source Files\util</Filter>
    </ClCompile>
    <ClCompile Include="framework\win32\cbc_mutex.c">
      <Filter>Source Files\sys</Filter>
    </ClCompile>
    <ClCompile Include="framework\universal\cbc_paths.c">
      <Filter>Source Files\sys</Filter>
    </ClCompile>
    <ClCompile Include="framework\universal\cbc_numconvert.c">
      <Filter>Source Files\util</Filter>
    </ClCompile>
    <ClCompile Include="framework\win32\cbc_platform.c">
      <Filter>Source Files\sys</Filter>
    </ClCompile>
    <ClCompile Include="framework\universal\cbc_processx.c">
      <Filter>Source Files\sys</Filter>
    </ClCompile>
    <ClCompile Include="framework\win32\cbc_process_nt.c">
      <Filter>Source Files\sys</Filter>
    </ClCompile>
    <ClCompile Include="framework\universal\cbc_processthreadsx.c">
      <Filter>Source Files\sys</Filter>
    </ClCompile>
    <ClCompile Include="framework\win32\cbc_security.c">
      <Filter>Source Files\sys</Filter>
    </ClCompile>
    <ClCompile Include="framework\win32\cbc_socket.c">
      <Filter>Source Files\net</Filter>
    </ClCompile>
    <ClCompile Include="framework\win32\cbc_sockets.c">
      <Filter>Source Files\net</Filter>
    </ClCompile>
    <ClCompile Include="framework\universal\cbc_wstring.c">
      <Filter>Source Files\type</Filter>
    </ClCompile>
    <ClCompile Include="framework\universal\cbc_string.c">
      <Filter>Source Files\type</Filter>
    </ClCompile>
    <ClCompile Include="framework\win32\cbc_thread.c">
      <Filter>Source Files\sys</Filter>
    </ClCompile>
    <ClCompile Include="framework\universal\cbc_wchar.c">
      <Filter>Source Files\type</Filter>
    </ClCompile>
    <ClCompile Include="framework\win32\cbc_typecon.c">
      <Filter>Source Files\net\inet-utils</Filter>
    </ClCompile>
  </ItemGroup>
</Project>